<?xml version="1.0" encoding="utf-8"?>
<Project ToolsVersion="4.0" xmlns="http://schemas.microsoft.com/developer/msbuild/2003">
  <ItemGroup>
    <Filter Include="Source Files">
      <UniqueIdentifier>{4FC737F1-C7A5-4376-A066-2A32D752A2FF}</UniqueIdentifier>
      <Extensions>cpp;c;cc;cxx;c++;cppm;ixx;def;odl;idl;hpj;bat;asm;asmx</Extensions>
    </Filter>
    <Filter Include="Header Files">
      <UniqueIdentifier>{93995380-89BD-4b04-88EB-625FBE52EBFB}</UniqueIdentifier>
      <Extensions>h;hh;hpp;hxx;h++;hm;inl;inc;ipp;xsd</Extensions>
    </Filter>
    <Filter Include="Resource Files">
      <UniqueIdentifier>{67DA6AB6-F800-4c08-8B7A-83BB121AAD01}</UniqueIdentifier>
      <Extensions>rc;ico;cur;bmp;dlg;rc2;rct;bin;rgs;gif;jpg;jpeg;jpe;resx;tiff;tif;png;wav;mfcribbon-ms</Extensions>
    </Filter>
  </ItemGroup>
  <ItemGroup>
    <None Include="Cmd Batches\BFW_ESP32_Build.bat">
      <Filter>Source Files</Filter>
    </None>
    <None Include="Cmd Batches\BFW_ESP32_Build_Debug.bat">
      <Filter>Source Files</Filter>
    </None>
    <None Include="Cmd Batches\BFW_ESP32_Build_Release.bat">
      <Filter>Source Files</Filter>
    </None>
    <None Include="Cmd Batches\BFW_LINUX_DYNAMIC_Build.sh" />
    <None Include="Cmd Batches\BFW_LINUX_DYNAMIC_Build_Debug_x64.sh" />
    <None Include="Cmd Batches\BFW_LINUX_DYNAMIC_Build_Debug_x86.sh" />
    <None Include="Cmd Batches\BFW_LINUX_DYNAMIC_Build_Release_x64.sh" />
    <None Include="Cmd Batches\BFW_LINUX_DYNAMIC_Build_Release_x86.sh" />
    <None Include="Cmd Batches\BFW_LINUX_STATIC_Build.sh" />
    <None Include="Cmd Batches\BFW_LINUX_STATIC_Build_Debug_x64.sh" />
    <None Include="Cmd Batches\BFW_LINUX_STATIC_Build_Debug_x86.sh" />
    <None Include="Cmd Batches\BFW_LINUX_STATIC_Build_Release_x64.sh" />
    <None Include="Cmd Batches\BFW_LINUX_STATIC_Build_Release_x86.sh" />
    <None Include="Cmd Batches\BFW_WINDOWS_Sign.bat">
      <Filter>Source Files</Filter>
    </None>
    <None Include="Resources\BFW_EnglishUS.rc2">
      <Filter>Resource Files</Filter>
    </None>
  </ItemGroup>
  <ItemGroup>
    <ClInclude Include="Headers\BFW.hpp">
      <Filter>Header Files</Filter>
    </ClInclude>
    <ClInclude Include="Headers\BFW_Animation.hpp">
      <Filter>Header Files</Filter>
    </ClInclude>
    <ClInclude Include="Headers\BFW_Debug.hpp">
      <Filter>Header Files</Filter>
    </ClInclude>
    <ClInclude Include="Headers\BFW_Dependencies.hpp">
      <Filter>Header Files</Filter>
    </ClInclude>
    <ClInclude Include="Headers\BFW_Input.hpp">
      <Filter>Header Files</Filter>
    </ClInclude>
    <ClInclude Include="Headers\BFW_Log.hpp">
      <Filter>Header Files</Filter>
    </ClInclude>
    <ClInclude Include="Headers\BFW_Macros.hpp">
      <Filter>Header Files</Filter>
    </ClInclude>
    <ClInclude Include="Headers\BFW_Math.hpp">
      <Filter>Header Files</Filter>
    </ClInclude>
    <ClInclude Include="Headers\BFW_MultiProcessing.hpp">
      <Filter>Header Files</Filter>
    </ClInclude>
    <ClInclude Include="Headers\BFW_Resources.hpp">
      <Filter>Header Files</Filter>
    </ClInclude>
    <ClInclude Include="Headers\BFW_RunTime.hpp">
      <Filter>Header Files</Filter>
    </ClInclude>
    <ClInclude Include="Headers\BFW_Templates.hpp">
      <Filter>Header Files</Filter>
    </ClInclude>
    <ClInclude Include="Headers\BFW_Time.hpp">
      <Filter>Header Files</Filter>
    </ClInclude>
    <ClInclude Include="Headers\BFW_Vector.hpp">
      <Filter>Header Files</Filter>
    </ClInclude>
    <ClInclude Include="Headers\BFW_WinTargetVer.hpp">
      <Filter>Header Files</Filter>
    </ClInclude>
  </ItemGroup>
  <ItemGroup>
    <Manifest Include="Resources\Manifests\BFW_MainManifest.manifest" />
  </ItemGroup>
  <ItemGroup>
    <ResourceCompile Include="Resources\BFW_Resources.rc">
      <Filter>Resource Files</Filter>
    </ResourceCompile>
  </ItemGroup>
  <ItemGroup>
    <ClCompile Include="Sources\BFW_Debug.cpp">
      <Filter>Source Files</Filter>
    </ClCompile>
    <ClCompile Include="Sources\BFW_EntryPoint.cpp">
      <Filter>Source Files</Filter>
    </ClCompile>
    <ClCompile Include="Sources\BFW_Input.cpp">
      <Filter>Source Files</Filter>
    </ClCompile>
    <ClCompile Include="Sources\BFW_Log.cpp">
      <Filter>Source Files</Filter>
    </ClCompile>
    <ClCompile Include="Sources\BFW_Math.cpp">
      <Filter>Source Files</Filter>
    </ClCompile>
    <ClCompile Include="Sources\BFW_Math_Matrix.cpp">
      <Filter>Source Files</Filter>
    </ClCompile>
    <ClCompile Include="Sources\BFW_Math_Quaternion.cpp">
      <Filter>Source Files</Filter>
    </ClCompile>
    <ClCompile Include="Sources\BFW_Math_Vector.cpp">
      <Filter>Source Files</Filter>
    </ClCompile>
    <ClCompile Include="Sources\BFW_MultiProcessing.cpp">
      <Filter>Source Files</Filter>
    </ClCompile>
    <ClCompile Include="Sources\BFW_RunTime.cpp">
      <Filter>Source Files</Filter>
    </ClCompile>
    <ClCompile Include="Sources\BFW_Time.cpp">
      <Filter>Source Files</Filter>
    </ClCompile>
  </ItemGroup>
</Project>